{
  "version": 4,
  "terraform_version": "1.5.5",
  "serial": 51,
  "lineage": "e00beabb-fd78-1521-2398-36c074fe65fe",
  "outputs": {
    "accounetid_ce_dev": {
      "value": "738966061799",
      "type": "string"
    },
    "accounetid_ce_prod": {
      "value": "304061367486",
      "type": "string"
    },
    "accounetid_tcin-canv-tkm-dev": {
      "value": "358309524254",
      "type": "string"
    },
    "accounetid_tcin-datasquadrons-tkm-stg": {
      "value": "565185075189",
      "type": "string"
    },
    "accounetid_tcin-infleet-dev": {
      "value": "629161414376",
      "type": "string"
    },
    "accounetid_tcin-infleet-stg": {
      "value": "211070062241",
      "type": "string"
    },
    "accounetid_tcin-infosec-dev": {
      "value": "816496196701",
      "type": "string"
    },
    "accounetid_tcin-liftgate-dev": {
      "value": "538695651656",
      "type": "string"
    },
    "accounetid_tcin_drivelink_msil_prod": {
      "value": "728137601922",
      "type": "string"
    },
    "accounetid_tcin_drivelink_msil_stg": {
      "value": "369642373572",
      "type": "string"
    },
    "accounetid_tcin_drivelink_tkm_dev": {
      "value": "715181563961",
      "type": "string"
    },
    "accounetid_tcin_drivelink_tkm_prod": {
      "value": "595370514464",
      "type": "string"
    },
    "accounetid_tcin_drivelink_tkm_stg": {
      "value": "805696200129",
      "type": "string"
    },
    "accounetid_tcin_it_dev": {
      "value": "783702754312",
      "type": "string"
    }
  },
  "resources": [
    {
      "mode": "managed",
      "type": "aws_organizations_account",
      "name": "CE-Dev",
      "provider": "provider[\"registry.terraform.io/hashicorp/aws\"]",
      "instances": [
        {
          "schema_version": 0,
          "attributes": {
            "arn": "arn:aws:organizations::877641534879:account/o-g1379f7ywu/738966061799",
            "close_on_deletion": true,
            "create_govcloud": false,
            "email": "tcin-cloud-dev@toyotaconnected.co.in",
            "govcloud_id": "",
            "iam_user_access_to_billing": null,
            "id": "738966061799",
            "joined_method": "CREATED",
            "joined_timestamp": "2023-04-05T14:40:06Z",
            "name": "TCIN-CE-Dev",
            "parent_id": "ou-svle-oaqejyqv",
            "role_name": "OrganizationAccountAccessRole",
            "status": "ACTIVE",
            "tags": {},
            "tags_all": {}
          },
          "sensitive_attributes": [],
          "private": "bnVsbA=="
        }
      ]
    },
    {
      "mode": "managed",
      "type": "aws_organizations_account",
      "name": "CE-Prod",
      "provider": "provider[\"registry.terraform.io/hashicorp/aws\"]",
      "instances": [
        {
          "schema_version": 0,
          "attributes": {
            "arn": "arn:aws:organizations::877641534879:account/o-g1379f7ywu/304061367486",
            "close_on_deletion": true,
            "create_govcloud": false,
            "email": "tcin-cloud-prod@toyotaconnected.co.in",
            "govcloud_id": "",
            "iam_user_access_to_billing": null,
            "id": "304061367486",
            "joined_method": "CREATED",
            "joined_timestamp": "2023-04-05T14:39:19Z",
            "name": "TCIN-CE-Prod",
            "parent_id": "ou-svle-2a17leix",
            "role_name": "OrganizationAccountAccessRole",
            "status": "ACTIVE",
            "tags": {},
            "tags_all": {}
          },
          "sensitive_attributes": [],
          "private": "bnVsbA=="
        }
      ]
    },
    {
      "mode": "managed",
      "type": "aws_organizations_account",
      "name": "TCIN-Drivelink-MSIL-Prod",
      "provider": "provider[\"registry.terraform.io/hashicorp/aws\"]",
      "instances": [
        {
          "schema_version": 0,
          "attributes": {
            "arn": "arn:aws:organizations::877641534879:account/o-g1379f7ywu/728137601922",
            "close_on_deletion": true,
            "create_govcloud": false,
            "email": "tcin-drivelink-msil-prod@toyotaconnected.co.in",
            "govcloud_id": "",
            "iam_user_access_to_billing": null,
            "id": "728137601922",
            "joined_method": "CREATED",
            "joined_timestamp": "2023-05-10T17:56:56Z",
            "name": "TCIN-Drivelink-MSIL-Prod",
            "parent_id": "ou-svle-gwfgx4k6",
            "role_name": "OrganizationAccountAccessRole",
            "status": "ACTIVE",
            "tags": {},
            "tags_all": {}
          },
          "sensitive_attributes": [],
          "private": "bnVsbA=="
        }
      ]
    },
    {
      "mode": "managed",
      "type": "aws_organizations_account",
      "name": "TCIN-Drivelink-MSIL-Stg",
      "provider": "provider[\"registry.terraform.io/hashicorp/aws\"]",
      "instances": [
        {
          "schema_version": 0,
          "attributes": {
            "arn": "arn:aws:organizations::877641534879:account/o-g1379f7ywu/369642373572",
            "close_on_deletion": true,
            "create_govcloud": false,
            "email": "tcin-drivelink-msil-stg@toyotaconnected.co.in",
            "govcloud_id": "",
            "iam_user_access_to_billing": null,
            "id": "369642373572",
            "joined_method": "CREATED",
            "joined_timestamp": "2023-05-10T17:56:57Z",
            "name": "TCIN-Drivelink-MSIL-Stg",
            "parent_id": "ou-svle-a7j6ua8z",
            "role_name": "OrganizationAccountAccessRole",
            "status": "ACTIVE",
            "tags": {},
            "tags_all": {}
          },
          "sensitive_attributes": [],
          "private": "bnVsbA=="
        }
      ]
    },
    {
      "mode": "managed",
      "type": "aws_organizations_account",
      "name": "TCIN-Drivelink-TKM-Dev",
      "provider": "provider[\"registry.terraform.io/hashicorp/aws\"]",
      "instances": [
        {
          "schema_version": 0,
          "attributes": {
            "arn": "arn:aws:organizations::877641534879:account/o-g1379f7ywu/715181563961",
            "close_on_deletion": true,
            "create_govcloud": false,
            "email": "tcin-drivelink-tkm-dev@toyotaconnected.co.in",
            "govcloud_id": "",
            "iam_user_access_to_billing": null,
            "id": "715181563961",
            "joined_method": "CREATED",
            "joined_timestamp": "2023-04-25T04:42:19Z",
            "name": "TCIN-Drivelink-TKM-Dev",
            "parent_id": "ou-svle-fctqmp5b",
            "role_name": "OrganizationAccountAccessRole",
            "status": "ACTIVE",
            "tags": {},
            "tags_all": {}
          },
          "sensitive_attributes": [],
          "private": "bnVsbA=="
        }
      ]
    },
    {
      "mode": "managed",
      "type": "aws_organizations_account",
      "name": "TCIN-Drivelink-TKM-Prod",
      "provider": "provider[\"registry.terraform.io/hashicorp/aws\"]",
      "instances": [
        {
          "schema_version": 0,
          "attributes": {
            "arn": "arn:aws:organizations::877641534879:account/o-g1379f7ywu/595370514464",
            "close_on_deletion": true,
            "create_govcloud": false,
            "email": "tcin-drivelink-tkm-prod@toyotaconnected.co.in",
            "govcloud_id": "",
            "iam_user_access_to_billing": null,
            "id": "595370514464",
            "joined_method": "CREATED",
            "joined_timestamp": "2023-04-25T04:42:06Z",
            "name": "TCIN-Drivelink-TKM-Prod",
            "parent_id": "ou-svle-gwfgx4k6",
            "role_name": "OrganizationAccountAccessRole",
            "status": "ACTIVE",
            "tags": {},
            "tags_all": {}
          },
          "sensitive_attributes": [],
          "private": "bnVsbA=="
        }
      ]
    },
    {
      "mode": "managed",
      "type": "aws_organizations_account",
      "name": "TCIN-Drivelink-TKM-Stg",
      "provider": "provider[\"registry.terraform.io/hashicorp/aws\"]",
      "instances": [
        {
          "schema_version": 0,
          "attributes": {
            "arn": "arn:aws:organizations::877641534879:account/o-g1379f7ywu/805696200129",
            "close_on_deletion": true,
            "create_govcloud": false,
            "email": "tcin-drivelink-tkm-stg@toyotaconnected.co.in",
            "govcloud_id": "",
            "iam_user_access_to_billing": null,
            "id": "805696200129",
            "joined_method": "CREATED",
            "joined_timestamp": "2023-04-25T04:42:45Z",
            "name": "TCIN-Drivelink-TKM-Stg",
            "parent_id": "ou-svle-a7j6ua8z",
            "role_name": "OrganizationAccountAccessRole",
            "status": "ACTIVE",
            "tags": {},
            "tags_all": {}
          },
          "sensitive_attributes": [],
          "private": "bnVsbA=="
        }
      ]
    },
    {
      "mode": "managed",
      "type": "aws_organizations_account",
      "name": "tcin-canv-tkm-dev",
      "provider": "provider[\"registry.terraform.io/hashicorp/aws\"]",
      "instances": [
        {
          "schema_version": 0,
          "attributes": {
            "arn": "arn:aws:organizations::877641534879:account/o-g1379f7ywu/358309524254",
            "close_on_deletion": true,
            "create_govcloud": false,
            "email": "tcin-canv-tkm-dev-01@toyotaconnected.co.in",
            "govcloud_id": "",
            "iam_user_access_to_billing": null,
            "id": "358309524254",
            "joined_method": "CREATED",
            "joined_timestamp": "2023-08-21T06:33:48Z",
            "name": "tcin-canv-tkm-dev",
            "parent_id": "ou-svle-fctqmp5b",
            "role_name": "OrganizationAccountAccessRole",
            "status": "ACTIVE",
            "tags": {},
            "tags_all": {}
          },
          "sensitive_attributes": [],
          "private": "bnVsbA=="
        }
      ]
    },
    {
      "mode": "managed",
      "type": "aws_organizations_account",
      "name": "tcin-datasquadrons-tkm-stg",
      "provider": "provider[\"registry.terraform.io/hashicorp/aws\"]",
      "instances": [
        {
          "schema_version": 0,
          "attributes": {
            "arn": "arn:aws:organizations::877641534879:account/o-g1379f7ywu/565185075189",
            "close_on_deletion": true,
            "create_govcloud": false,
            "email": "tcin-dataquardrons-tkm-stg-01@toyotaconnected.co.in",
            "govcloud_id": "",
            "iam_user_access_to_billing": null,
            "id": "565185075189",
            "joined_method": "CREATED",
            "joined_timestamp": "2023-09-11T13:35:56Z",
            "name": "tcin-datasquadrons-tkm-stg",
            "parent_id": "ou-svle-a7j6ua8z",
            "role_name": "OrganizationAccountAccessRole",
            "status": "ACTIVE",
            "tags": {},
            "tags_all": {}
          },
          "sensitive_attributes": [],
          "private": "bnVsbA=="
        }
      ]
    },
    {
      "mode": "managed",
      "type": "aws_organizations_account",
      "name": "tcin-infleet-dev",
      "provider": "provider[\"registry.terraform.io/hashicorp/aws\"]",
      "instances": [
        {
          "schema_version": 0,
          "attributes": {
            "arn": "arn:aws:organizations::877641534879:account/o-g1379f7ywu/629161414376",
            "close_on_deletion": true,
            "create_govcloud": false,
            "email": "tcin-infleet-dev-01@toyotaconnected.co.in",
            "govcloud_id": "",
            "iam_user_access_to_billing": null,
            "id": "629161414376",
            "joined_method": "CREATED",
            "joined_timestamp": "2023-08-21T06:33:32Z",
            "name": "tcin-infleet-dev",
            "parent_id": "ou-svle-fctqmp5b",
            "role_name": "OrganizationAccountAccessRole",
            "status": "ACTIVE",
            "tags": {},
            "tags_all": {}
          },
          "sensitive_attributes": [],
          "private": "bnVsbA=="
        }
      ]
    },
    {
      "mode": "managed",
      "type": "aws_organizations_account",
      "name": "tcin-infleet-stg",
      "provider": "provider[\"registry.terraform.io/hashicorp/aws\"]",
      "instances": [
        {
          "schema_version": 0,
          "attributes": {
            "arn": "arn:aws:organizations::877641534879:account/o-g1379f7ywu/211070062241",
            "close_on_deletion": true,
            "create_govcloud": false,
            "email": "tcin-infleet-stg-01@toyotaconnected.co.in",
            "govcloud_id": "",
            "iam_user_access_to_billing": null,
            "id": "211070062241",
            "joined_method": "CREATED",
            "joined_timestamp": "2023-08-29T08:00:33Z",
            "name": "tcin-infleet-stg",
            "parent_id": "ou-svle-a7j6ua8z",
            "role_name": "OrganizationAccountAccessRole",
            "status": "ACTIVE",
            "tags": {},
            "tags_all": {}
          },
          "sensitive_attributes": [],
          "private": "bnVsbA=="
        }
      ]
    },
    {
      "mode": "managed",
      "type": "aws_organizations_account",
      "name": "tcin-infosec-dev",
      "provider": "provider[\"registry.terraform.io/hashicorp/aws\"]",
      "instances": [
        {
          "schema_version": 0,
          "attributes": {
            "arn": "arn:aws:organizations::877641534879:account/o-g1379f7ywu/816496196701",
            "close_on_deletion": true,
            "create_govcloud": false,
            "email": "tcin-infosec-dev-02@toyotaconnected.co.in",
            "govcloud_id": "",
            "iam_user_access_to_billing": null,
            "id": "816496196701",
            "joined_method": "CREATED",
            "joined_timestamp": "2023-10-03T09:36:18Z",
            "name": "tcin-infosec-dev",
            "parent_id": "ou-svle-1ouylm63",
            "role_name": "OrganizationAccountAccessRole",
            "status": "ACTIVE",
            "tags": {},
            "tags_all": {}
          },
          "sensitive_attributes": [],
          "private": "bnVsbA=="
        }
      ]
    },
    {
      "mode": "managed",
      "type": "aws_organizations_account",
      "name": "tcin-it-dev",
      "provider": "provider[\"registry.terraform.io/hashicorp/aws\"]",
      "instances": [
        {
          "schema_version": 0,
          "attributes": {
            "arn": "arn:aws:organizations::877641534879:account/o-g1379f7ywu/783702754312",
            "close_on_deletion": true,
            "create_govcloud": false,
            "email": "tcin-it-dev-01@toyotaconnected.co.in",
            "govcloud_id": "",
            "iam_user_access_to_billing": null,
            "id": "783702754312",
            "joined_method": "CREATED",
            "joined_timestamp": "2023-08-01T07:08:47Z",
            "name": "tcin-it-dev",
            "parent_id": "ou-svle-fctqmp5b",
            "role_name": "OrganizationAccountAccessRole",
            "status": "ACTIVE",
            "tags": {},
            "tags_all": {}
          },
          "sensitive_attributes": [],
          "private": "bnVsbA=="
        }
      ]
    },
    {
      "mode": "managed",
      "type": "aws_organizations_account",
      "name": "tcin-liftgate-dev",
      "provider": "provider[\"registry.terraform.io/hashicorp/aws\"]",
      "instances": [
        {
          "schema_version": 0,
          "attributes": {
            "arn": "arn:aws:organizations::877641534879:account/o-g1379f7ywu/538695651656",
            "close_on_deletion": true,
            "create_govcloud": false,
            "email": "tcin-liftgate-dev-01@toyotaconnected.co.in",
            "govcloud_id": "",
            "iam_user_access_to_billing": null,
            "id": "538695651656",
            "joined_method": "CREATED",
            "joined_timestamp": "2023-08-10T09:10:29Z",
            "name": "tcin-liftgate-dev",
            "parent_id": "ou-svle-fctqmp5b",
            "role_name": "OrganizationAccountAccessRole",
            "status": "ACTIVE",
            "tags": {},
            "tags_all": {}
          },
          "sensitive_attributes": [],
          "private": "bnVsbA=="
        }
      ]
    }
  ],
  "check_results": null
}
